
Microsoft Visual Studio Solution File, Format Version 12.00
# Visual Studio Version 16
VisualStudioVersion = 16.0.810.9
MinimumVisualStudioVersion = 10.0.40219.1
Project("{FAE04EC0-301F-11D3-BF4B-00C04F79EFBC}") = "catalog", "catalog.csproj", "{C4E17C6A-E83A-4316-B896-FF8D233018C0}"
EndProject
Global
	GlobalSection(SolutionConfigurationPlatforms) = preSolution
		Debug|Any CPU = Debug|Any CPU
		Release|Any CPU = Release|Any CPU
	EndGlobalSection
	GlobalSection(ProjectConfigurationPlatforms) = postSolution
		{C4E17C6A-E83A-4316-B896-FF8D233018C0}.Debug|Any CPU.ActiveCfg = Debug|Any CPU
		{C4E17C6A-E83A-4316-B896-FF8D233018C0}.Debug|Any CPU.Build.0 = Debug|Any CPU
		{C4E17C6A-E83A-4316-B896-FF8D233018C0}.Release|Any CPU.ActiveCfg = Release|Any CPU
		{C4E17C6A-E83A-4316-B896-FF8D233018C0}.Release|Any CPU.Build.0 = Release|Any CPU
	EndGlobalSection
	GlobalSection(SolutionProperties) = preSolution
		HideSolutionNode = FALSE
	EndGlobalSection
	GlobalSection(ExtensibilityGlobals) = postSolution
		SolutionGuid = {2F1DAC7C-C5F1-45E2-BA9D-7DC9613938BA}
	EndGlobalSection
EndGlobal
